
Microsoft Visual Studio Solution File, Format Version 12.00
# Visual Studio Version 16
VisualStudioVersion = 16.0.810.11
MinimumVisualStudioVersion = 10.0.40219.1
Project("{FAE04EC0-301F-11D3-BF4B-00C04F79EFBC}") = "Дневник.Android", "Дневник.Android\Дневник.Android.csproj", "{F3335558-6CBF-421E-8134-013DF30DC522}"
EndProject
Project("{FAE04EC0-301F-11D3-BF4B-00C04F79EFBC}") = "Дневник.iOS", "Дневник.iOS\Дневник.iOS.csproj", "{B4B0ACBF-A27C-4F49-8D24-A1429C848F5C}"
EndProject
Project("{FAE04EC0-301F-11D3-BF4B-00C04F79EFBC}") = "Дневник", "Дневник\Дневник.csproj", "{3433A249-C95F-4EFC-B378-63E9DBDABF64}"
EndProject
Global
	GlobalSection(SolutionConfigurationPlatforms) = preSolution
		Debug|Any CPU = Debug|Any CPU
		Release|Any CPU = Release|Any CPU
		Debug|iPhoneSimulator = Debug|iPhoneSimulator
		Release|iPhoneSimulator = Release|iPhoneSimulator
		Debug|iPhone = Debug|iPhone
		Release|iPhone = Release|iPhone
	EndGlobalSection
	GlobalSection(ProjectConfigurationPlatforms) = postSolution
		{F3335558-6CBF-421E-8134-013DF30DC522}.Debug|Any CPU.ActiveCfg = Debug|Any CPU
		{F3335558-6CBF-421E-8134-013DF30DC522}.Debug|Any CPU.Build.0 = Debug|Any CPU
		{F3335558-6CBF-421E-8134-013DF30DC522}.Release|Any CPU.ActiveCfg = Release|Any CPU
		{F3335558-6CBF-421E-8134-013DF30DC522}.Release|Any CPU.Build.0 = Release|Any CPU
		{F3335558-6CBF-421E-8134-013DF30DC522}.Debug|iPhoneSimulator.ActiveCfg = Debug|Any CPU
		{F3335558-6CBF-421E-8134-013DF30DC522}.Debug|iPhoneSimulator.Build.0 = Debug|Any CPU
		{F3335558-6CBF-421E-8134-013DF30DC522}.Release|iPhoneSimulator.ActiveCfg = Release|Any CPU
		{F3335558-6CBF-421E-8134-013DF30DC522}.Release|iPhoneSimulator.Build.0 = Release|Any CPU
		{F3335558-6CBF-421E-8134-013DF30DC522}.Debug|iPhone.ActiveCfg = Debug|Any CPU
		{F3335558-6CBF-421E-8134-013DF30DC522}.Debug|iPhone.Build.0 = Debug|Any CPU
		{F3335558-6CBF-421E-8134-013DF30DC522}.Release|iPhone.ActiveCfg = Release|Any CPU
		{F3335558-6CBF-421E-8134-013DF30DC522}.Release|iPhone.Build.0 = Release|Any CPU
		{B4B0ACBF-A27C-4F49-8D24-A1429C848F5C}.Debug|Any CPU.ActiveCfg = Debug|iPhoneSimulator
		{B4B0ACBF-A27C-4F49-8D24-A1429C848F5C}.Debug|Any CPU.Build.0 = Debug|iPhoneSimulator
		{B4B0ACBF-A27C-4F49-8D24-A1429C848F5C}.Release|Any CPU.ActiveCfg = Release|iPhoneSimulator
		{B4B0ACBF-A27C-4F49-8D24-A1429C848F5C}.Release|Any CPU.Build.0 = Release|iPhoneSimulator
		{B4B0ACBF-A27C-4F49-8D24-A1429C848F5C}.Debug|iPhoneSimulator.ActiveCfg = Debug|iPhoneSimulator
		{B4B0ACBF-A27C-4F49-8D24-A1429C848F5C}.Debug|iPhoneSimulator.Build.0 = Debug|iPhoneSimulator
		{B4B0ACBF-A27C-4F49-8D24-A1429C848F5C}.Release|iPhoneSimulator.ActiveCfg = Release|iPhoneSimulator
		{B4B0ACBF-A27C-4F49-8D24-A1429C848F5C}.Release|iPhoneSimulator.Build.0 = Release|iPhoneSimulator
		{B4B0ACBF-A27C-4F49-8D24-A1429C848F5C}.Debug|iPhone.ActiveCfg = Debug|iPhone
		{B4B0ACBF-A27C-4F49-8D24-A1429C848F5C}.Debug|iPhone.Build.0 = Debug|iPhone
		{B4B0ACBF-A27C-4F49-8D24-A1429C848F5C}.Release|iPhone.ActiveCfg = Release|iPhone
		{B4B0ACBF-A27C-4F49-8D24-A1429C848F5C}.Release|iPhone.Build.0 = Release|iPhone
		{3433A249-C95F-4EFC-B378-63E9DBDABF64}.Debug|Any CPU.ActiveCfg = Debug|Any CPU
		{3433A249-C95F-4EFC-B378-63E9DBDABF64}.Debug|Any CPU.Build.0 = Debug|Any CPU
		{3433A249-C95F-4EFC-B378-63E9DBDABF64}.Release|Any CPU.ActiveCfg = Release|Any CPU
		{3433A249-C95F-4EFC-B378-63E9DBDABF64}.Release|Any CPU.Build.0 = Release|Any CPU
		{3433A249-C95F-4EFC-B378-63E9DBDABF64}.Debug|iPhoneSimulator.ActiveCfg = Debug|Any CPU
		{3433A249-C95F-4EFC-B378-63E9DBDABF64}.Debug|iPhoneSimulator.Build.0 = Debug|Any CPU
		{3433A249-C95F-4EFC-B378-63E9DBDABF64}.Release|iPhoneSimulator.ActiveCfg = Release|Any CPU
		{3433A249-C95F-4EFC-B378-63E9DBDABF64}.Release|iPhoneSimulator.Build.0 = Release|Any CPU
		{3433A249-C95F-4EFC-B378-63E9DBDABF64}.Debug|iPhone.ActiveCfg = Debug|Any CPU
		{3433A249-C95F-4EFC-B378-63E9DBDABF64}.Debug|iPhone.Build.0 = Debug|Any CPU
		{3433A249-C95F-4EFC-B378-63E9DBDABF64}.Release|iPhone.ActiveCfg = Release|Any CPU
		{3433A249-C95F-4EFC-B378-63E9DBDABF64}.Release|iPhone.Build.0 = Release|Any CPU
	EndGlobalSection
	GlobalSection(SolutionProperties) = preSolution
		HideSolutionNode = FALSE
	EndGlobalSection
	GlobalSection(ExtensibilityGlobals) = postSolution
		SolutionGuid = {254CDB88-F1F4-4465-B873-6D61F0DE3D3B}
	EndGlobalSection
EndGlobal
